
Microsoft Visual Studio Solution File, Format Version 12.00
# Visual Studio Version 16
VisualStudioVersion = 16.0.31205.134
MinimumVisualStudioVersion = 10.0.40219.1
Project("{FAE04EC0-301F-11D3-BF4B-00C04F79EFBC}") = "SalesWebMvc", "SalesWebMvc\SalesWebMvc.csproj", "{087E9DC6-81CF-4413-B0FA-CEEA1218CD65}"
EndProject
Global
	GlobalSection(SolutionConfigurationPlatforms) = preSolution
		Debug|Any CPU = Debug|Any CPU
		Release|Any CPU = Release|Any CPU
	EndGlobalSection
	GlobalSection(ProjectConfigurationPlatforms) = postSolution
		{087E9DC6-81CF-4413-B0FA-CEEA1218CD65}.Debug|Any CPU.ActiveCfg = Debug|Any CPU
		{087E9DC6-81CF-4413-B0FA-CEEA1218CD65}.Debug|Any CPU.Build.0 = Debug|Any CPU
		{087E9DC6-81CF-4413-B0FA-CEEA1218CD65}.Release|Any CPU.ActiveCfg = Release|Any CPU
		{087E9DC6-81CF-4413-B0FA-CEEA1218CD65}.Release|Any CPU.Build.0 = Release|Any CPU
	EndGlobalSection
	GlobalSection(SolutionProperties) = preSolution
		HideSolutionNode = FALSE
	EndGlobalSection
	GlobalSection(ExtensibilityGlobals) = postSolution
		SolutionGuid = {350DDBFC-C5A1-4260-AAAD-321EAFFD071A}
	EndGlobalSection
EndGlobal
